// !$*UTF8*$!
{
	archiveVersion = 1;
	classes = {
	};
	objectVersion = 54;
	objects = {

/* Begin PBXBuildFile section */
		232EE88624A6D83900B5E643 /* AppDelegate.swift in Sources */ = {isa = PBXBuildFile; fileRef = 232EE88524A6D83900B5E643 /* AppDelegate.swift */; };
		232EE88824A6D83900B5E643 /* SceneDelegate.swift in Sources */ = {isa = PBXBuildFile; fileRef = 232EE88724A6D83900B5E643 /* SceneDelegate.swift */; };
		232EE88A24A6D83900B5E643 /* ViewController.swift in Sources */ = {isa = PBXBuildFile; fileRef = 232EE88924A6D83900B5E643 /* ViewController.swift */; };
		232EE88D24A6D83900B5E643 /* Main.storyboard in Resources */ = {isa = PBXBuildFile; fileRef = 232EE88B24A6D83900B5E643 /* Main.storyboard */; };
		232EE88F24A6D83A00B5E643 /* Assets.xcassets in Resources */ = {isa = PBXBuildFile; fileRef = 232EE88E24A6D83A00B5E643 /* Assets.xcassets */; };
		232EE89224A6D83A00B5E643 /* LaunchScreen.storyboard in Resources */ = {isa = PBXBuildFile; fileRef = 232EE89024A6D83A00B5E643 /* LaunchScreen.storyboard */; };
		232EE89D24A6D83B00B5E643 /* ArtistLookUpTests.swift in Sources */ = {isa = PBXBuildFile; fileRef = 232EE89C24A6D83B00B5E643 /* ArtistLookUpTests.swift */; };
		232EE8A824A6D83B00B5E643 /* ArtistLookUpUITests.swift in Sources */ = {isa = PBXBuildFile; fileRef = 232EE8A724A6D83B00B5E643 /* ArtistLookUpUITests.swift */; };
		232EE8B624A6D90E00B5E643 /* MyTableViewController.swift in Sources */ = {isa = PBXBuildFile; fileRef = 232EE8B524A6D90E00B5E643 /* MyTableViewController.swift */; };
/* End PBXBuildFile section */

/* Begin PBXContainerItemProxy section */
		232EE89924A6D83B00B5E643 /* PBXContainerItemProxy */ = {
			isa = PBXContainerItemProxy;
			containerPortal = 232EE87A24A6D83900B5E643 /* Project object */;
			proxyType = 1;
			remoteGlobalIDString = 232EE88124A6D83900B5E643;
			remoteInfo = ArtistLookUp;
		};
		232EE8A424A6D83B00B5E643 /* PBXContainerItemProxy */ = {
			isa = PBXContainerItemProxy;
			containerPortal = 232EE87A24A6D83900B5E643 /* Project object */;
			proxyType = 1;
			remoteGlobalIDString = 232EE88124A6D83900B5E643;
			remoteInfo = ArtistLookUp;
		};
/* End PBXContainerItemProxy section */

/* Begin PBXFileReference section */
		232EE88224A6D83900B5E643 /* ArtistLookUp.app */ = {isa = PBXFileReference; explicitFileType = wrapper.application; includeInIndex = 0; path = ArtistLookUp.app; sourceTree = BUILT_PRODUCTS_DIR; };
		232EE88524A6D83900B5E643 /* AppDelegate.swift */ = {isa = PBXFileReference; lastKnownFileType = sourcecode.swift; path = AppDelegate.swift; sourceTree = "<group>"; };
		232EE88724A6D83900B5E643 /* SceneDelegate.swift */ = {isa = PBXFileReference; lastKnownFileType = sourcecode.swift; path = SceneDelegate.swift; sourceTree = "<group>"; };
		232EE88924A6D83900B5E643 /* ViewController.swift */ = {isa = PBXFileReference; lastKnownFileType = sourcecode.swift; path = ViewController.swift; sourceTree = "<group>"; };
		232EE88C24A6D83900B5E643 /* Base */ = {isa = PBXFileReference; lastKnownFileType = file.storyboard; name = Base; path = Base.lproj/Main.storyboard; sourceTree = "<group>"; };
		232EE88E24A6D83A00B5E643 /* Assets.xcassets */ = {isa = PBXFileReference; lastKnownFileType = folder.assetcatalog; path = Assets.xcassets; sourceTree = "<group>"; };
		232EE89124A6D83A00B5E643 /* Base */ = {isa = PBXFileReference; lastKnownFileType = file.storyboard; name = Base; path = Base.lproj/LaunchScreen.storyboard; sourceTree = "<group>"; };
		232EE89324A6D83A00B5E643 /* Info.plist */ = {isa = PBXFileReference; lastKnownFileType = text.plist.xml; path = Info.plist; sourceTree = "<group>"; };
		232EE89824A6D83B00B5E643 /* ArtistLookUpTests.xctest */ = {isa = PBXFileReference; explicitFileType = wrapper.cfbundle; includeInIndex = 0; path = ArtistLookUpTests.xctest; sourceTree = BUILT_PRODUCTS_DIR; };
		232EE89C24A6D83B00B5E643 /* ArtistLookUpTests.swift */ = {isa = PBXFileReference; lastKnownFileType = sourcecode.swift; path = ArtistLookUpTests.swift; sourceTree = "<group>"; };
		232EE89E24A6D83B00B5E643 /* Info.plist */ = {isa = PBXFileReference; lastKnownFileType = text.plist.xml; path = Info.plist; sourceTree = "<group>"; };
		232EE8A324A6D83B00B5E643 /* ArtistLookUpUITests.xctest */ = {isa = PBXFileReference; explicitFileType = wrapper.cfbundle; includeInIndex = 0; path = ArtistLookUpUITests.xctest; sourceTree = BUILT_PRODUCTS_DIR; };
		232EE8A724A6D83B00B5E643 /* ArtistLookUpUITests.swift */ = {isa = PBXFileReference; lastKnownFileType = sourcecode.swift; path = ArtistLookUpUITests.swift; sourceTree = "<group>"; };
		232EE8A924A6D83B00B5E643 /* Info.plist */ = {isa = PBXFileReference; lastKnownFileType = text.plist.xml; path = Info.plist; sourceTree = "<group>"; };
		232EE8B524A6D90E00B5E643 /* MyTableViewController.swift */ = {isa = PBXFileReference; lastKnownFileType = sourcecode.swift; path = MyTableViewController.swift; sourceTree = "<group>"; };
/* End PBXFileReference section */

/* Begin PBXFrameworksBuildPhase section */
		232EE87F24A6D83900B5E643 /* Frameworks */ = {
			isa = PBXFrameworksBuildPhase;
			buildActionMask = 2147483647;
			files = (
			);
			runOnlyForDeploymentPostprocessing = 0;
		};
		232EE89524A6D83B00B5E643 /* Frameworks */ = {
			isa = PBXFrameworksBuildPhase;
			buildActionMask = 2147483647;
			files = (
			);
			runOnlyForDeploymentPostprocessing = 0;
		};
		232EE8A024A6D83B00B5E643 /* Frameworks */ = {
			isa = PBXFrameworksBuildPhase;
			buildActionMask = 2147483647;
			files = (
			);
			runOnlyForDeploymentPostprocessing = 0;
		};
/* End PBXFrameworksBuildPhase section */

/* Begin PBXGroup section */
		232EE87924A6D83900B5E643 = {
			isa = PBXGroup;
			children = (
				232EE88424A6D83900B5E643 /* ArtistLookUp */,
				232EE89B24A6D83B00B5E643 /* ArtistLookUpTests */,
				232EE8A624A6D83B00B5E643 /* ArtistLookUpUITests */,
				232EE88324A6D83900B5E643 /* Products */,
			);
			sourceTree = "<group>";
		};
		232EE88324A6D83900B5E643 /* Products */ = {
			isa = PBXGroup;
			children = (
				232EE88224A6D83900B5E643 /* ArtistLookUp.app */,
				232EE89824A6D83B00B5E643 /* ArtistLookUpTests.xctest */,
				232EE8A324A6D83B00B5E643 /* ArtistLookUpUITests.xctest */,
			);
			name = Products;
			sourceTree = "<group>";
		};
		232EE88424A6D83900B5E643 /* ArtistLookUp */ = {
			isa = PBXGroup;
			children = (
				232EE88524A6D83900B5E643 /* AppDelegate.swift */,
				232EE88724A6D83900B5E643 /* SceneDelegate.swift */,
				232EE88924A6D83900B5E643 /* ViewController.swift */,
				232EE8B524A6D90E00B5E643 /* MyTableViewController.swift */,
				232EE88B24A6D83900B5E643 /* Main.storyboard */,
				232EE88E24A6D83A00B5E643 /* Assets.xcassets */,
				232EE89024A6D83A00B5E643 /* LaunchScreen.storyboard */,
				232EE89324A6D83A00B5E643 /* Info.plist */,
			);
			path = ArtistLookUp;
			sourceTree = "<group>";
		};
		232EE89B24A6D83B00B5E643 /* ArtistLookUpTests */ = {
			isa = PBXGroup;
			children = (
				232EE89C24A6D83B00B5E643 /* ArtistLookUpTests.swift */,
				232EE89E24A6D83B00B5E643 /* Info.plist */,
			);
			path = ArtistLookUpTests;
			sourceTree = "<group>";
		};
		232EE8A624A6D83B00B5E643 /* ArtistLookUpUITests */ = {
			isa = PBXGroup;
			children = (
				232EE8A724A6D83B00B5E643 /* ArtistLookUpUITests.swift */,
				232EE8A924A6D83B00B5E643 /* Info.plist */,
			);
			path = ArtistLookUpUITests;
			sourceTree = "<group>";
		};
/* End PBXGroup section */

/* Begin PBXNativeTarget section */
		232EE88124A6D83900B5E643 /* ArtistLookUp */ = {
			isa = PBXNativeTarget;
			buildConfigurationList = 232EE8AC24A6D83B00B5E643 /* Build configuration list for PBXNativeTarget "ArtistLookUp" */;
			buildPhases = (
				232EE87E24A6D83900B5E643 /* Sources */,
				232EE87F24A6D83900B5E643 /* Frameworks */,
				232EE88024A6D83900B5E643 /* Resources */,
			);
			buildRules = (
			);
			dependencies = (
			);
			name = ArtistLookUp;
			productName = ArtistLookUp;
			productReference = 232EE88224A6D83900B5E643 /* ArtistLookUp.app */;
			productType = "com.apple.product-type.application";
		};
		232EE89724A6D83B00B5E643 /* ArtistLookUpTests */ = {
			isa = PBXNativeTarget;
			buildConfigurationList = 232EE8AF24A6D83B00B5E643 /* Build configuration list for PBXNativeTarget "ArtistLookUpTests" */;
			buildPhases = (
				232EE89424A6D83B00B5E643 /* Sources */,
				232EE89524A6D83B00B5E643 /* Frameworks */,
				232EE89624A6D83B00B5E643 /* Resources */,
			);
			buildRules = (
			);
			dependencies = (
				232EE89A24A6D83B00B5E643 /* PBXTargetDependency */,
			);
			name = ArtistLookUpTests;
			productName = ArtistLookUpTests;
			productReference = 232EE89824A6D83B00B5E643 /* ArtistLookUpTests.xctest */;
			productType = "com.apple.product-type.bundle.unit-test";
		};
		232EE8A224A6D83B00B5E643 /* ArtistLookUpUITests */ = {
			isa = PBXNativeTarget;
			buildConfigurationList = 232EE8B224A6D83B00B5E643 /* Build configuration list for PBXNativeTarget "ArtistLookUpUITests" */;
			buildPhases = (
				232EE89F24A6D83B00B5E643 /* Sources */,
				232EE8A024A6D83B00B5E643 /* Frameworks */,
				232EE8A124A6D83B00B5E643 /* Resources */,
			);
			buildRules = (
			);
			dependencies = (
				232EE8A524A6D83B00B5E643 /* PBXTargetDependency */,
			);
			name = ArtistLookUpUITests;
			productName = ArtistLookUpUITests;
			productReference = 232EE8A324A6D83B00B5E643 /* ArtistLookUpUITests.xctest */;
			productType = "com.apple.product-type.bundle.ui-testing";
		};
/* End PBXNativeTarget section */

/* Begin PBXProject section */
		232EE87A24A6D83900B5E643 /* Project object */ = {
			isa = PBXProject;
			attributes = {
				LastSwiftUpdateCheck = 1200;
				LastUpgradeCheck = 1200;
				TargetAttributes = {
					232EE88124A6D83900B5E643 = {
						CreatedOnToolsVersion = 12.0;
					};
					232EE89724A6D83B00B5E643 = {
						CreatedOnToolsVersion = 12.0;
						TestTargetID = 232EE88124A6D83900B5E643;
					};
					232EE8A224A6D83B00B5E643 = {
						CreatedOnToolsVersion = 12.0;
						TestTargetID = 232EE88124A6D83900B5E643;
					};
				};
			};
			buildConfigurationList = 232EE87D24A6D83900B5E643 /* Build configuration list for PBXProject "ArtistLookUp" */;
			compatibilityVersion = "Xcode 12.0";
			developmentRegion = en;
			hasScannedForEncodings = 0;
			knownRegions = (
				en,
				Base,
			);
			mainGroup = 232EE87924A6D83900B5E643;
			productRefGroup = 232EE88324A6D83900B5E643 /* Products */;
			projectDirPath = "";
			projectRoot = "";
			targets = (
				232EE88124A6D83900B5E643 /* ArtistLookUp */,
				232EE89724A6D83B00B5E643 /* ArtistLookUpTests */,
				232EE8A224A6D83B00B5E643 /* ArtistLookUpUITests */,
			);
		};
/* End PBXProject section */

/* Begin PBXResourcesBuildPhase section */
		232EE88024A6D83900B5E643 /* Resources */ = {
			isa = PBXResourcesBuildPhase;
			buildActionMask = 2147483647;
			files = (
				232EE89224A6D83A00B5E643 /* LaunchScreen.storyboard in Resources */,
				232EE88F24A6D83A00B5E643 /* Assets.xcassets in Resources */,
				232EE88D24A6D83900B5E643 /* Main.storyboard in Resources */,
			);
			runOnlyForDeploymentPostprocessing = 0;
		};
		232EE89624A6D83B00B5E643 /* Resources */ = {
			isa = PBXResourcesBuildPhase;
			buildActionMask = 2147483647;
			files = (
			);
			runOnlyForDeploymentPostprocessing = 0;
		};
		232EE8A124A6D83B00B5E643 /* Resources */ = {
			isa = PBXResourcesBuildPhase;
			buildActionMask = 2147483647;
			files = (
			);
			runOnlyForDeploymentPostprocessing = 0;
		};
/* End PBXResourcesBuildPhase section */

/* Begin PBXSourcesBuildPhase section */
		232EE87E24A6D83900B5E643 /* Sources */ = {
			isa = PBXSourcesBuildPhase;
			buildActionMask = 2147483647;
			files = (
				232EE88A24A6D83900B5E643 /* ViewController.swift in Sources */,
				232EE88624A6D83900B5E643 /* AppDelegate.swift in Sources */,
				232EE88824A6D83900B5E643 /* SceneDelegate.swift in Sources */,
				232EE8B624A6D90E00B5E643 /* MyTableViewController.swift in Sources */,
			);
			runOnlyForDeploymentPostprocessing = 0;
		};
		232EE89424A6D83B00B5E643 /* Sources */ = {
			isa = PBXSourcesBuildPhase;
			buildActionMask = 2147483647;
			files = (
				232EE89D24A6D83B00B5E643 /* ArtistLookUpTests.swift in Sources */,
			);
			runOnlyForDeploymentPostprocessing = 0;
		};
		232EE89F24A6D83B00B5E643 /* Sources */ = {
			isa = PBXSourcesBuildPhase;
			buildActionMask = 2147483647;
			files = (
				232EE8A824A6D83B00B5E643 /* ArtistLookUpUITests.swift in Sources */,
			);
			runOnlyForDeploymentPostprocessing = 0;
		};
/* End PBXSourcesBuildPhase section */

/* Begin PBXTargetDependency section */
		232EE89A24A6D83B00B5E643 /* PBXTargetDependency */ = {
			isa = PBXTargetDependency;
			target = 232EE88124A6D83900B5E643 /* ArtistLookUp */;
			targetProxy = 232EE89924A6D83B00B5E643 /* PBXContainerItemProxy */;
		};
		232EE8A524A6D83B00B5E643 /* PBXTargetDependency */ = {
			isa = PBXTargetDependency;
			target = 232EE88124A6D83900B5E643 /* ArtistLookUp */;
			targetProxy = 232EE8A424A6D83B00B5E643 /* PBXContainerItemProxy */;
		};
/* End PBXTargetDependency section */

/* Begin PBXVariantGroup section */
		232EE88B24A6D83900B5E643 /* Main.storyboard */ = {
			isa = PBXVariantGroup;
			children = (
				232EE88C24A6D83900B5E643 /* Base */,
			);
			name = Main.storyboard;
			sourceTree = "<group>";
		};
		232EE89024A6D83A00B5E643 /* LaunchScreen.storyboard */ = {
			isa = PBXVariantGroup;
			children = (
				232EE89124A6D83A00B5E643 /* Base */,
			);
			name = LaunchScreen.storyboard;
			sourceTree = "<group>";
		};
/* End PBXVariantGroup section */

/* Begin XCBuildConfiguration section */
		232EE8AA24A6D83B00B5E643 /* Debug */ = {
			isa = XCBuildConfiguration;
			buildSettings = {
				ALWAYS_SEARCH_USER_PATHS = NO;
				CLANG_ANALYZER_NONNULL = YES;
				CLANG_ANALYZER_NUMBER_OBJECT_CONVERSION = YES_AGGRESSIVE;
				CLANG_CXX_LANGUAGE_STANDARD = "gnu++14";
				CLANG_CXX_LIBRARY = "libc++";
				CLANG_ENABLE_MODULES = YES;
				CLANG_ENABLE_OBJC_ARC = YES;
				CLANG_ENABLE_OBJC_WEAK = YES;
				CLANG_WARN_BLOCK_CAPTURE_AUTORELEASING = YES;
				CLANG_WARN_BOOL_CONVERSION = YES;
				CLANG_WARN_COMMA = YES;
				CLANG_WARN_CONSTANT_CONVERSION = YES;
				CLANG_WARN_DEPRECATED_OBJC_IMPLEMENTATIONS = YES;
				CLANG_WARN_DIRECT_OBJC_ISA_USAGE = YES_ERROR;
				CLANG_WARN_DOCUMENTATION_COMMENTS = YES;
				CLANG_WARN_EMPTY_BODY = YES;
				CLANG_WARN_ENUM_CONVERSION = YES;
				CLANG_WARN_INFINITE_RECURSION = YES;
				CLANG_WARN_INT_CONVERSION = YES;
				CLANG_WARN_NON_LITERAL_NULL_CONVERSION = YES;
				CLANG_WARN_OBJC_IMPLICIT_RETAIN_SELF = YES;
				CLANG_WARN_OBJC_LITERAL_CONVERSION = YES;
				CLANG_WARN_OBJC_ROOT_CLASS = YES_ERROR;
				CLANG_WARN_QUOTED_INCLUDE_IN_FRAMEWORK_HEADER = YES;
				CLANG_WARN_RANGE_LOOP_ANALYSIS = YES;
				CLANG_WARN_STRICT_PROTOTYPES = YES;
				CLANG_WARN_SUSPICIOUS_MOVE = YES;
				CLANG_WARN_UNGUARDED_AVAILABILITY = YES_AGGRESSIVE;
				CLANG_WARN_UNREACHABLE_CODE = YES;
				CLANG_WARN__DUPLICATE_METHOD_MATCH = YES;
				COPY_PHASE_STRIP = NO;
				DEBUG_INFORMATION_FORMAT = dwarf;
				ENABLE_STRICT_OBJC_MSGSEND = YES;
				ENABLE_TESTABILITY = YES;
				GCC_C_LANGUAGE_STANDARD = gnu11;
				GCC_DYNAMIC_NO_PIC = NO;
				GCC_NO_COMMON_BLOCKS = YES;
				GCC_OPTIMIZATION_LEVEL = 0;
				GCC_PREPROCESSOR_DEFINITIONS = (
					"DEBUG=1",
					"$(inherited)",
				);
				GCC_WARN_64_TO_32_BIT_CONVERSION = YES;
				GCC_WARN_ABOUT_RETURN_TYPE = YES_ERROR;
				GCC_WARN_UNDECLARED_SELECTOR = YES;
				GCC_WARN_UNINITIALIZED_AUTOS = YES_AGGRESSIVE;
				GCC_WARN_UNUSED_FUNCTION = YES;
				GCC_WARN_UNUSED_VARIABLE = YES;
				IPHONEOS_DEPLOYMENT_TARGET = 14.0;
				MTL_ENABLE_DEBUG_INFO = INCLUDE_SOURCE;
				MTL_FAST_MATH = YES;
				ONLY_ACTIVE_ARCH = YES;
				SDKROOT = iphoneos;
				SWIFT_ACTIVE_COMPILATION_CONDITIONS = DEBUG;
				SWIFT_OPTIMIZATION_LEVEL = "-Onone";
			};
			name = Debug;
		};
		232EE8AB24A6D83B00B5E643 /* Release */ = {
			isa = XCBuildConfiguration;
			buildSettings = {
				ALWAYS_SEARCH_USER_PATHS = NO;
				CLANG_ANALYZER_NONNULL = YES;
				CLANG_ANALYZER_NUMBER_OBJECT_CONVERSION = YES_AGGRESSIVE;
				CLANG_CXX_LANGUAGE_STANDARD = "gnu++14";
				CLANG_CXX_LIBRARY = "libc++";
				CLANG_ENABLE_MODULES = YES;
				CLANG_ENABLE_OBJC_ARC = YES;
				CLANG_ENABLE_OBJC_WEAK = YES;
				CLANG_WARN_BLOCK_CAPTURE_AUTORELEASING = YES;
				CLANG_WARN_BOOL_CONVERSION = YES;
				CLANG_WARN_COMMA = YES;
				CLANG_WARN_CONSTANT_CONVERSION = YES;
				CLANG_WARN_DEPRECATED_OBJC_IMPLEMENTATIONS = YES;
				CLANG_WARN_DIRECT_OBJC_ISA_USAGE = YES_ERROR;
				CLANG_WARN_DOCUMENTATION_COMMENTS = YES;
				CLANG_WARN_EMPTY_BODY = YES;
				CLANG_WARN_ENUM_CONVERSION = YES;
				CLANG_WARN_INFINITE_RECURSION = YES;
				CLANG_WARN_INT_CONVERSION = YES;
				CLANG_WARN_NON_LITERAL_NULL_CONVERSION = YES;
				CLANG_WARN_OBJC_IMPLICIT_RETAIN_SELF = YES;
				CLANG_WARN_OBJC_LITERAL_CONVERSION = YES;
				CLANG_WARN_OBJC_ROOT_CLASS = YES_ERROR;
				CLANG_WARN_QUOTED_INCLUDE_IN_FRAMEWORK_HEADER = YES;
				CLANG_WARN_RANGE_LOOP_ANALYSIS = YES;
				CLANG_WARN_STRICT_PROTOTYPES = YES;
				CLANG_WARN_SUSPICIOUS_MOVE = YES;
				CLANG_WARN_UNGUARDED_AVAILABILITY = YES_AGGRESSIVE;
				CLANG_WARN_UNREACHABLE_CODE = YES;
				CLANG_WARN__DUPLICATE_METHOD_MATCH = YES;
				COPY_PHASE_STRIP = NO;
				DEBUG_INFORMATION_FORMAT = "dwarf-with-dsym";
				ENABLE_NS_ASSERTIONS = NO;
				ENABLE_STRICT_OBJC_MSGSEND = YES;
				GCC_C_LANGUAGE_STANDARD = gnu11;
				GCC_NO_COMMON_BLOCKS = YES;
				GCC_WARN_64_TO_32_BIT_CONVERSION = YES;
				GCC_WARN_ABOUT_RETURN_TYPE = YES_ERROR;
				GCC_WARN_UNDECLARED_SELECTOR = YES;
				GCC_WARN_UNINITIALIZED_AUTOS = YES_AGGRESSIVE;
				GCC_WARN_UNUSED_FUNCTION = YES;
				GCC_WARN_UNUSED_VARIABLE = YES;
				IPHONEOS_DEPLOYMENT_TARGET = 14.0;
				MTL_ENABLE_DEBUG_INFO = NO;
				MTL_FAST_MATH = YES;
				SDKROOT = iphoneos;
				SWIFT_COMPILATION_MODE = wholemodule;
				SWIFT_OPTIMIZATION_LEVEL = "-O";
				VALIDATE_PRODUCT = YES;
			};
			name = Release;
		};
		232EE8AD24A6D83B00B5E643 /* Debug */ = {
			isa = XCBuildConfiguration;
			buildSettings = {
				ASSETCATALOG_COMPILER_APPICON_NAME = AppIcon;
				ASSETCATALOG_COMPILER_GLOBAL_ACCENT_COLOR_NAME = AccentColor;
				CODE_SIGN_STYLE = Automatic;
				DEVELOPMENT_TEAM = 836NUPNHQM;
				INFOPLIST_FILE = ArtistLookUp/Info.plist;
				IPHONEOS_DEPLOYMENT_TARGET = 14.0;
				LD_RUNPATH_SEARCH_PATHS = (
					"$(inherited)",
					"@executable_path/Frameworks",
				);
				PRODUCT_BUNDLE_IDENTIFIER = "Four-in-One-Telecommunication.ArtistLookUp";
				PRODUCT_NAME = "$(TARGET_NAME)";
				SWIFT_VERSION = 5.0;
				TARGETED_DEVICE_FAMILY = "1,2";
			};
			name = Debug;
		};
		232EE8AE24A6D83B00B5E643 /* Release */ = {
			isa = XCBuildConfiguration;
			buildSettings = {
				ASSETCATALOG_COMPILER_APPICON_NAME = AppIcon;
				ASSETCATALOG_COMPILER_GLOBAL_ACCENT_COLOR_NAME = AccentColor;
				CODE_SIGN_STYLE = Automatic;
				DEVELOPMENT_TEAM = 836NUPNHQM;
				INFOPLIST_FILE = ArtistLookUp/Info.plist;
				IPHONEOS_DEPLOYMENT_TARGET = 14.0;
				LD_RUNPATH_SEARCH_PATHS = (
					"$(inherited)",
					"@executable_path/Frameworks",
				);
				PRODUCT_BUNDLE_IDENTIFIER = "Four-in-One-Telecommunication.ArtistLookUp";
				PRODUCT_NAME = "$(TARGET_NAME)";
				SWIFT_VERSION = 5.0;
				TARGETED_DEVICE_FAMILY = "1,2";
			};
			name = Release;
		};
		232EE8B024A6D83B00B5E643 /* Debug */ = {
			isa = XCBuildConfiguration;
			buildSettings = {
				ALWAYS_EMBED_SWIFT_STANDARD_LIBRARIES = YES;
				BUNDLE_LOADER = "$(TEST_HOST)";
				CODE_SIGN_STYLE = Automatic;
				DEVELOPMENT_TEAM = 836NUPNHQM;
				INFOPLIST_FILE = ArtistLookUpTests/Info.plist;
				IPHONEOS_DEPLOYMENT_TARGET = 14.0;
				LD_RUNPATH_SEARCH_PATHS = (
					"$(inherited)",
					"@executable_path/Frameworks",
					"@loader_path/Frameworks",
				);
				PRODUCT_BUNDLE_IDENTIFIER = "Four-in-One-Telecommunication.ArtistLookUpTests";
				PRODUCT_NAME = "$(TARGET_NAME)";
				SWIFT_VERSION = 5.0;
				TARGETED_DEVICE_FAMILY = "1,2";
				TEST_HOST = "$(BUILT_PRODUCTS_DIR)/ArtistLookUp.app/ArtistLookUp";
			};
			name = Debug;
		};
		232EE8B124A6D83B00B5E643 /* Release */ = {
			isa = XCBuildConfiguration;
			buildSettings = {
				ALWAYS_EMBED_SWIFT_STANDARD_LIBRARIES = YES;
				BUNDLE_LOADER = "$(TEST_HOST)";
				CODE_SIGN_STYLE = Automatic;
				DEVELOPMENT_TEAM = 836NUPNHQM;
				INFOPLIST_FILE = ArtistLookUpTests/Info.plist;
				IPHONEOS_DEPLOYMENT_TARGET = 14.0;
				LD_RUNPATH_SEARCH_PATHS = (
					"$(inherited)",
					"@executable_path/Frameworks",
					"@loader_path/Frameworks",
				);
				PRODUCT_BUNDLE_IDENTIFIER = "Four-in-One-Telecommunication.ArtistLookUpTests";
				PRODUCT_NAME = "$(TARGET_NAME)";
				SWIFT_VERSION = 5.0;
				TARGETED_DEVICE_FAMILY = "1,2";
				TEST_HOST = "$(BUILT_PRODUCTS_DIR)/ArtistLookUp.app/ArtistLookUp";
			};
			name = Release;
		};
		232EE8B324A6D83B00B5E643 /* Debug */ = {
			isa = XCBuildConfiguration;
			buildSettings = {
				ALWAYS_EMBED_SWIFT_STANDARD_LIBRARIES = YES;
				CODE_SIGN_STYLE = Automatic;
				DEVELOPMENT_TEAM = 836NUPNHQM;
				INFOPLIST_FILE = ArtistLookUpUITests/Info.plist;
				LD_RUNPATH_SEARCH_PATHS = (
					"$(inherited)",
					"@executable_path/Frameworks",
					"@loader_path/Frameworks",
				);
				PRODUCT_BUNDLE_IDENTIFIER = "Four-in-One-Telecommunication.ArtistLookUpUITests";
				PRODUCT_NAME = "$(TARGET_NAME)";
				SWIFT_VERSION = 5.0;
				TARGETED_DEVICE_FAMILY = "1,2";
				TEST_TARGET_NAME = ArtistLookUp;
			};
			name = Debug;
		};
		232EE8B424A6D83B00B5E643 /* Release */ = {
			isa = XCBuildConfiguration;
			buildSettings = {
				ALWAYS_EMBED_SWIFT_STANDARD_LIBRARIES = YES;
				CODE_SIGN_STYLE = Automatic;
				DEVELOPMENT_TEAM = 836NUPNHQM;
				INFOPLIST_FILE = ArtistLookUpUITests/Info.plist;
				LD_RUNPATH_SEARCH_PATHS = (
					"$(inherited)",
					"@executable_path/Frameworks",
					"@loader_path/Frameworks",
				);
				PRODUCT_BUNDLE_IDENTIFIER = "Four-in-One-Telecommunication.ArtistLookUpUITests";
				PRODUCT_NAME = "$(TARGET_NAME)";
				SWIFT_VERSION = 5.0;
				TARGETED_DEVICE_FAMILY = "1,2";
				TEST_TARGET_NAME = ArtistLookUp;
			};
			name = Release;
		};
/* End XCBuildConfiguration section */

/* Begin XCConfigurationList section */
		232EE87D24A6D83900B5E643 /* Build configuration list for PBXProject "ArtistLookUp" */ = {
			isa = XCConfigurationList;
			buildConfigurations = (
				232EE8AA24A6D83B00B5E643 /* Debug */,
				232EE8AB24A6D83B00B5E643 /* Release */,
			);
			defaultConfigurationIsVisible = 0;
			defaultConfigurationName = Release;
		};
		232EE8AC24A6D83B00B5E643 /* Build configuration list for PBXNativeTarget "ArtistLookUp" */ = {
			isa = XCConfigurationList;
			buildConfigurations = (
				232EE8AD24A6D83B00B5E643 /* Debug */,
				232EE8AE24A6D83B00B5E643 /* Release */,
			);
			defaultConfigurationIsVisible = 0;
			defaultConfigurationName = Release;
		};
		232EE8AF24A6D83B00B5E643 /* Build configuration list for PBXNativeTarget "ArtistLookUpTests" */ = {
			isa = XCConfigurationList;
			buildConfigurations = (
				232EE8B024A6D83B00B5E643 /* Debug */,
				232EE8B124A6D83B00B5E643 /* Release */,
			);
			defaultConfigurationIsVisible = 0;
			defaultConfigurationName = Release;
		};
		232EE8B224A6D83B00B5E643 /* Build configuration list for PBXNativeTarget "ArtistLookUpUITests" */ = {
			isa = XCConfigurationList;
			buildConfigurations = (
				232EE8B324A6D83B00B5E643 /* Debug */,
				232EE8B424A6D83B00B5E643 /* Release */,
			);
			defaultConfigurationIsVisible = 0;
			defaultConfigurationName = Release;
		};
/* End XCConfigurationList section */
	};
	rootObject = 232EE87A24A6D83900B5E643 /* Project object */;
}
